
Microsoft Visual Studio Solution File, Format Version 12.00
# Visual Studio Version 17
VisualStudioVersion = 17.10.34928.147
MinimumVisualStudioVersion = 10.0.40219.1
Project("{888888A0-9F3D-457C-B088-3A5042F75D52}") = "Topic2Lesson3Task1", "Topic2Lesson3Task1\Topic2Lesson3Task1.pyproj", "{0473AF37-C2FD-4DC5-9A1E-5D06B4A7E4C7}"
EndProject
Project("{888888A0-9F3D-457C-B088-3A5042F75D52}") = "Topic2Lesson3Task2", "Topic2Lesson3Task2\Topic2Lesson3Task2.pyproj", "{8AED8EDB-412A-4D8D-9E4F-E2296F37BBBE}"
EndProject
Global
	GlobalSection(SolutionConfigurationPlatforms) = preSolution
		Debug|Any CPU = Debug|Any CPU
		Release|Any CPU = Release|Any CPU
	EndGlobalSection
	GlobalSection(ProjectConfigurationPlatforms) = postSolution
		{0473AF37-C2FD-4DC5-9A1E-5D06B4A7E4C7}.Debug|Any CPU.ActiveCfg = Debug|Any CPU
		{0473AF37-C2FD-4DC5-9A1E-5D06B4A7E4C7}.Release|Any CPU.ActiveCfg = Release|Any CPU
		{8AED8EDB-412A-4D8D-9E4F-E2296F37BBBE}.Debug|Any CPU.ActiveCfg = Debug|Any CPU
		{8AED8EDB-412A-4D8D-9E4F-E2296F37BBBE}.Release|Any CPU.ActiveCfg = Release|Any CPU
	EndGlobalSection
	GlobalSection(SolutionProperties) = preSolution
		HideSolutionNode = FALSE
	EndGlobalSection
	GlobalSection(ExtensibilityGlobals) = postSolution
		SolutionGuid = {31D86316-882B-4EFB-BBE7-DC7C01D7D40D}
	EndGlobalSection
EndGlobal
